
Microsoft Visual Studio Solution File, Format Version 12.00
# Visual Studio 2012
Project("{8BC9CEB8-8B4A-11D0-8D11-00A0C91BC942}") = "brute force", "brute force\brute force.vcxproj", "{265494B1-8654-4C04-8F26-863799ED962D}"
EndProject
Project("{8BC9CEB8-8B4A-11D0-8D11-00A0C91BC942}") = "divide and conquer", "divide and conquer\divide and conquer.vcxproj", "{43C66BB9-01DF-4E9F-BFBB-37E5A306F90E}"
EndProject
Global
	GlobalSection(SolutionConfigurationPlatforms) = preSolution
		Debug|Win32 = Debug|Win32
		Release|Win32 = Release|Win32
	EndGlobalSection
	GlobalSection(ProjectConfigurationPlatforms) = postSolution
		{265494B1-8654-4C04-8F26-863799ED962D}.Debug|Win32.ActiveCfg = Debug|Win32
		{265494B1-8654-4C04-8F26-863799ED962D}.Debug|Win32.Build.0 = Debug|Win32
		{265494B1-8654-4C04-8F26-863799ED962D}.Release|Win32.ActiveCfg = Release|Win32
		{265494B1-8654-4C04-8F26-863799ED962D}.Release|Win32.Build.0 = Release|Win32
		{43C66BB9-01DF-4E9F-BFBB-37E5A306F90E}.Debug|Win32.ActiveCfg = Debug|Win32
		{43C66BB9-01DF-4E9F-BFBB-37E5A306F90E}.Debug|Win32.Build.0 = Debug|Win32
		{43C66BB9-01DF-4E9F-BFBB-37E5A306F90E}.Release|Win32.ActiveCfg = Release|Win32
		{43C66BB9-01DF-4E9F-BFBB-37E5A306F90E}.Release|Win32.Build.0 = Release|Win32
	EndGlobalSection
	GlobalSection(SolutionProperties) = preSolution
		HideSolutionNode = FALSE
	EndGlobalSection
	GlobalSection(Performance) = preSolution
		HasPerformanceSessions = true
	EndGlobalSection
EndGlobal
